// !$*UTF8*$!
{
	archiveVersion = 1;
	classes = {
	};
	objectVersion = 46;
	objects = {

/* Begin PBXBuildFile section */
		D9506A0A1E8389C900EF98FA /* MainViewController.swift in Sources */ = {isa = PBXBuildFile; fileRef = D9506A071E8389C900EF98FA /* MainViewController.swift */; };
		D9506A101E838A0500EF98FA /* Find.storyboard in Resources */ = {isa = PBXBuildFile; fileRef = D9506A0C1E838A0500EF98FA /* Find.storyboard */; };
		D9506A161E838A4900EF98FA /* Home.storyboard in Resources */ = {isa = PBXBuildFile; fileRef = D9506A131E838A4900EF98FA /* Home.storyboard */; };
		D9506A1B1E838A7A00EF98FA /* Live.storyboard in Resources */ = {isa = PBXBuildFile; fileRef = D9506A181E838A7A00EF98FA /* Live.storyboard */; };
		D9506A201E838B4000EF98FA /* Follow.storyboard in Resources */ = {isa = PBXBuildFile; fileRef = D9506A1D1E838B4000EF98FA /* Follow.storyboard */; };
		D9506A251E838B6700EF98FA /* Profile.storyboard in Resources */ = {isa = PBXBuildFile; fileRef = D9506A231E838B6700EF98FA /* Profile.storyboard */; };
		D9506A271E838C6600EF98FA /* HomeVC.swift in Sources */ = {isa = PBXBuildFile; fileRef = D9506A261E838C6600EF98FA /* HomeVC.swift */; };
		D9506A2A1E8395C900EF98FA /* UIBarButtonItem-Extension.swift in Sources */ = {isa = PBXBuildFile; fileRef = D9506A291E8395C900EF98FA /* UIBarButtonItem-Extension.swift */; };
		D9506A2E1E83A56B00EF98FA /* PageTitleView.swift in Sources */ = {isa = PBXBuildFile; fileRef = D9506A2D1E83A56B00EF98FA /* PageTitleView.swift */; };
		D9506A321E83A9D700EF98FA /* Common.swift in Sources */ = {isa = PBXBuildFile; fileRef = D9506A311E83A9D700EF98FA /* Common.swift */; };
		D9506A341E83B6DA00EF98FA /* PageContentView.swift in Sources */ = {isa = PBXBuildFile; fileRef = D9506A331E83B6DA00EF98FA /* PageContentView.swift */; };
		D9506A361E83BA6A00EF98FA /* UIcolor-Extension.swift in Sources */ = {isa = PBXBuildFile; fileRef = D9506A351E83BA6A00EF98FA /* UIcolor-Extension.swift */; };
		D9FA7A711E826B9E003350EB /* AppDelegate.swift in Sources */ = {isa = PBXBuildFile; fileRef = D9FA7A701E826B9E003350EB /* AppDelegate.swift */; };
		D9FA7A761E826B9E003350EB /* Main.storyboard in Resources */ = {isa = PBXBuildFile; fileRef = D9FA7A741E826B9E003350EB /* Main.storyboard */; };
		D9FA7A781E826B9E003350EB /* Assets.xcassets in Resources */ = {isa = PBXBuildFile; fileRef = D9FA7A771E826B9E003350EB /* Assets.xcassets */; };
		D9FA7A7B1E826B9E003350EB /* LaunchScreen.storyboard in Resources */ = {isa = PBXBuildFile; fileRef = D9FA7A791E826B9E003350EB /* LaunchScreen.storyboard */; };
		D9FA7A861E826B9E003350EB /* DYLivingTests.swift in Sources */ = {isa = PBXBuildFile; fileRef = D9FA7A851E826B9E003350EB /* DYLivingTests.swift */; };
		D9FA7A911E826B9E003350EB /* DYLivingUITests.swift in Sources */ = {isa = PBXBuildFile; fileRef = D9FA7A901E826B9E003350EB /* DYLivingUITests.swift */; };
/* End PBXBuildFile section */

/* Begin PBXContainerItemProxy section */
		D9FA7A821E826B9E003350EB /* PBXContainerItemProxy */ = {
			isa = PBXContainerItemProxy;
			containerPortal = D9FA7A651E826B9E003350EB /* Project object */;
			proxyType = 1;
			remoteGlobalIDString = D9FA7A6C1E826B9E003350EB;
			remoteInfo = DYLiving;
		};
		D9FA7A8D1E826B9E003350EB /* PBXContainerItemProxy */ = {
			isa = PBXContainerItemProxy;
			containerPortal = D9FA7A651E826B9E003350EB /* Project object */;
			proxyType = 1;
			remoteGlobalIDString = D9FA7A6C1E826B9E003350EB;
			remoteInfo = DYLiving;
		};
/* End PBXContainerItemProxy section */

/* Begin PBXFileReference section */
		D9506A071E8389C900EF98FA /* MainViewController.swift */ = {isa = PBXFileReference; fileEncoding = 4; lastKnownFileType = sourcecode.swift; path = MainViewController.swift; sourceTree = "<group>"; };
		D9506A0C1E838A0500EF98FA /* Find.storyboard */ = {isa = PBXFileReference; fileEncoding = 4; lastKnownFileType = file.storyboard; path = Find.storyboard; sourceTree = "<group>"; };
		D9506A131E838A4900EF98FA /* Home.storyboard */ = {isa = PBXFileReference; fileEncoding = 4; lastKnownFileType = file.storyboard; name = Home.storyboard; path = ../Home.storyboard; sourceTree = "<group>"; };
		D9506A181E838A7A00EF98FA /* Live.storyboard */ = {isa = PBXFileReference; fileEncoding = 4; lastKnownFileType = file.storyboard; path = Live.storyboard; sourceTree = "<group>"; };
		D9506A1D1E838B4000EF98FA /* Follow.storyboard */ = {isa = PBXFileReference; fileEncoding = 4; lastKnownFileType = file.storyboard; path = Follow.storyboard; sourceTree = "<group>"; };
		D9506A231E838B6700EF98FA /* Profile.storyboard */ = {isa = PBXFileReference; fileEncoding = 4; lastKnownFileType = file.storyboard; path = Profile.storyboard; sourceTree = "<group>"; };
		D9506A261E838C6600EF98FA /* HomeVC.swift */ = {isa = PBXFileReference; fileEncoding = 4; lastKnownFileType = sourcecode.swift; name = HomeVC.swift; path = ../HomeVC.swift; sourceTree = "<group>"; };
		D9506A291E8395C900EF98FA /* UIBarButtonItem-Extension.swift */ = {isa = PBXFileReference; fileEncoding = 4; lastKnownFileType = sourcecode.swift; path = "UIBarButtonItem-Extension.swift"; sourceTree = "<group>"; };
		D9506A2D1E83A56B00EF98FA /* PageTitleView.swift */ = {isa = PBXFileReference; fileEncoding = 4; lastKnownFileType = sourcecode.swift; path = PageTitleView.swift; sourceTree = "<group>"; };
		D9506A311E83A9D700EF98FA /* Common.swift */ = {isa = PBXFileReference; fileEncoding = 4; lastKnownFileType = sourcecode.swift; path = Common.swift; sourceTree = "<group>"; };
		D9506A331E83B6DA00EF98FA /* PageContentView.swift */ = {isa = PBXFileReference; fileEncoding = 4; lastKnownFileType = sourcecode.swift; path = PageContentView.swift; sourceTree = "<group>"; };
		D9506A351E83BA6A00EF98FA /* UIcolor-Extension.swift */ = {isa = PBXFileReference; fileEncoding = 4; lastKnownFileType = sourcecode.swift; path = "UIcolor-Extension.swift"; sourceTree = "<group>"; };
		D9FA7A6D1E826B9E003350EB /* DYLiving.app */ = {isa = PBXFileReference; explicitFileType = wrapper.application; includeInIndex = 0; path = DYLiving.app; sourceTree = BUILT_PRODUCTS_DIR; };
		D9FA7A701E826B9E003350EB /* AppDelegate.swift */ = {isa = PBXFileReference; lastKnownFileType = sourcecode.swift; path = AppDelegate.swift; sourceTree = "<group>"; };
		D9FA7A751E826B9E003350EB /* Base */ = {isa = PBXFileReference; lastKnownFileType = file.storyboard; name = Base; path = Base.lproj/Main.storyboard; sourceTree = "<group>"; };
		D9FA7A771E826B9E003350EB /* Assets.xcassets */ = {isa = PBXFileReference; lastKnownFileType = folder.assetcatalog; path = Assets.xcassets; sourceTree = "<group>"; };
		D9FA7A7A1E826B9E003350EB /* Base */ = {isa = PBXFileReference; lastKnownFileType = file.storyboard; name = Base; path = Base.lproj/LaunchScreen.storyboard; sourceTree = "<group>"; };
		D9FA7A7C1E826B9E003350EB /* Info.plist */ = {isa = PBXFileReference; lastKnownFileType = text.plist.xml; path = Info.plist; sourceTree = "<group>"; };
		D9FA7A811E826B9E003350EB /* DYLivingTests.xctest */ = {isa = PBXFileReference; explicitFileType = wrapper.cfbundle; includeInIndex = 0; path = DYLivingTests.xctest; sourceTree = BUILT_PRODUCTS_DIR; };
		D9FA7A851E826B9E003350EB /* DYLivingTests.swift */ = {isa = PBXFileReference; lastKnownFileType = sourcecode.swift; path = DYLivingTests.swift; sourceTree = "<group>"; };
		D9FA7A871E826B9E003350EB /* Info.plist */ = {isa = PBXFileReference; lastKnownFileType = text.plist.xml; path = Info.plist; sourceTree = "<group>"; };
		D9FA7A8C1E826B9E003350EB /* DYLivingUITests.xctest */ = {isa = PBXFileReference; explicitFileType = wrapper.cfbundle; includeInIndex = 0; path = DYLivingUITests.xctest; sourceTree = BUILT_PRODUCTS_DIR; };
		D9FA7A901E826B9E003350EB /* DYLivingUITests.swift */ = {isa = PBXFileReference; lastKnownFileType = sourcecode.swift; path = DYLivingUITests.swift; sourceTree = "<group>"; };
		D9FA7A921E826B9E003350EB /* Info.plist */ = {isa = PBXFileReference; lastKnownFileType = text.plist.xml; path = Info.plist; sourceTree = "<group>"; };
/* End PBXFileReference section */

/* Begin PBXFrameworksBuildPhase section */
		D9FA7A6A1E826B9E003350EB /* Frameworks */ = {
			isa = PBXFrameworksBuildPhase;
			buildActionMask = 2147483647;
			files = (
			);
			runOnlyForDeploymentPostprocessing = 0;
		};
		D9FA7A7E1E826B9E003350EB /* Frameworks */ = {
			isa = PBXFrameworksBuildPhase;
			buildActionMask = 2147483647;
			files = (
			);
			runOnlyForDeploymentPostprocessing = 0;
		};
		D9FA7A891E826B9E003350EB /* Frameworks */ = {
			isa = PBXFrameworksBuildPhase;
			buildActionMask = 2147483647;
			files = (
			);
			runOnlyForDeploymentPostprocessing = 0;
		};
/* End PBXFrameworksBuildPhase section */

/* Begin PBXGroup section */
		D95069F11E837E5500EF98FA /* Find */ = {
			isa = PBXGroup;
			children = (
				D9506A0C1E838A0500EF98FA /* Find.storyboard */,
				D9506A0E1E838A0500EF98FA /* Model */,
				D9506A0F1E838A0500EF98FA /* View */,
				D9506A0B1E838A0500EF98FA /* Controller */,
			);
			path = Find;
			sourceTree = "<group>";
		};
		D9506A061E8389C900EF98FA /* Controller */ = {
			isa = PBXGroup;
			children = (
				D9506A071E8389C900EF98FA /* MainViewController.swift */,
			);
			path = Controller;
			sourceTree = "<group>";
		};
		D9506A081E8389C900EF98FA /* Model */ = {
			isa = PBXGroup;
			children = (
			);
			path = Model;
			sourceTree = "<group>";
		};
		D9506A091E8389C900EF98FA /* View */ = {
			isa = PBXGroup;
			children = (
				D9506A2D1E83A56B00EF98FA /* PageTitleView.swift */,
				D9506A331E83B6DA00EF98FA /* PageContentView.swift */,
			);
			path = View;
			sourceTree = "<group>";
		};
		D9506A0B1E838A0500EF98FA /* Controller */ = {
			isa = PBXGroup;
			children = (
			);
			path = Controller;
			sourceTree = "<group>";
		};
		D9506A0E1E838A0500EF98FA /* Model */ = {
			isa = PBXGroup;
			children = (
			);
			path = Model;
			sourceTree = "<group>";
		};
		D9506A0F1E838A0500EF98FA /* View */ = {
			isa = PBXGroup;
			children = (
			);
			path = View;
			sourceTree = "<group>";
		};
		D9506A121E838A4900EF98FA /* Controller */ = {
			isa = PBXGroup;
			children = (
				D9506A131E838A4900EF98FA /* Home.storyboard */,
				D9506A261E838C6600EF98FA /* HomeVC.swift */,
			);
			path = Controller;
			sourceTree = "<group>";
		};
		D9506A141E838A4900EF98FA /* Model */ = {
			isa = PBXGroup;
			children = (
			);
			path = Model;
			sourceTree = "<group>";
		};
		D9506A151E838A4900EF98FA /* View */ = {
			isa = PBXGroup;
			children = (
			);
			path = View;
			sourceTree = "<group>";
		};
		D9506A171E838A7A00EF98FA /* Controller */ = {
			isa = PBXGroup;
			children = (
			);
			path = Controller;
			sourceTree = "<group>";
		};
		D9506A191E838A7A00EF98FA /* Model */ = {
			isa = PBXGroup;
			children = (
			);
			path = Model;
			sourceTree = "<group>";
		};
		D9506A1A1E838A7A00EF98FA /* View */ = {
			isa = PBXGroup;
			children = (
			);
			path = View;
			sourceTree = "<group>";
		};
		D9506A1C1E838B4000EF98FA /* Controller */ = {
			isa = PBXGroup;
			children = (
			);
			path = Controller;
			sourceTree = "<group>";
		};
		D9506A1E1E838B4000EF98FA /* Model */ = {
			isa = PBXGroup;
			children = (
			);
			path = Model;
			sourceTree = "<group>";
		};
		D9506A1F1E838B4000EF98FA /* View */ = {
			isa = PBXGroup;
			children = (
			);
			path = View;
			sourceTree = "<group>";
		};
		D9506A211E838B6700EF98FA /* Controller */ = {
			isa = PBXGroup;
			children = (
			);
			path = Controller;
			sourceTree = "<group>";
		};
		D9506A221E838B6700EF98FA /* Model */ = {
			isa = PBXGroup;
			children = (
			);
			path = Model;
			sourceTree = "<group>";
		};
		D9506A241E838B6700EF98FA /* View */ = {
			isa = PBXGroup;
			children = (
			);
			path = View;
			sourceTree = "<group>";
		};
		D9506A281E83959B00EF98FA /* Extension */ = {
			isa = PBXGroup;
			children = (
				D9506A291E8395C900EF98FA /* UIBarButtonItem-Extension.swift */,
				D9506A351E83BA6A00EF98FA /* UIcolor-Extension.swift */,
			);
			path = Extension;
			sourceTree = "<group>";
		};
		D9FA7A641E826B9E003350EB = {
			isa = PBXGroup;
			children = (
				D9FA7A6F1E826B9E003350EB /* DYLiving */,
				D9FA7A841E826B9E003350EB /* DYLivingTests */,
				D9FA7A8F1E826B9E003350EB /* DYLivingUITests */,
				D9FA7A6E1E826B9E003350EB /* Products */,
			);
			sourceTree = "<group>";
		};
		D9FA7A6E1E826B9E003350EB /* Products */ = {
			isa = PBXGroup;
			children = (
				D9FA7A6D1E826B9E003350EB /* DYLiving.app */,
				D9FA7A811E826B9E003350EB /* DYLivingTests.xctest */,
				D9FA7A8C1E826B9E003350EB /* DYLivingUITests.xctest */,
			);
			name = Products;
			sourceTree = "<group>";
		};
		D9FA7A6F1E826B9E003350EB /* DYLiving */ = {
			isa = PBXGroup;
			children = (
				D9FA7A701E826B9E003350EB /* AppDelegate.swift */,
				D9FA7A9E1E827E5C003350EB /* Classes */,
				D9FA7A771E826B9E003350EB /* Assets.xcassets */,
				D9FA7A791E826B9E003350EB /* LaunchScreen.storyboard */,
				D9FA7A7C1E826B9E003350EB /* Info.plist */,
			);
			path = DYLiving;
			sourceTree = "<group>";
		};
		D9FA7A841E826B9E003350EB /* DYLivingTests */ = {
			isa = PBXGroup;
			children = (
				D9FA7A851E826B9E003350EB /* DYLivingTests.swift */,
				D9FA7A871E826B9E003350EB /* Info.plist */,
			);
			path = DYLivingTests;
			sourceTree = "<group>";
		};
		D9FA7A8F1E826B9E003350EB /* DYLivingUITests */ = {
			isa = PBXGroup;
			children = (
				D9FA7A901E826B9E003350EB /* DYLivingUITests.swift */,
				D9FA7A921E826B9E003350EB /* Info.plist */,
			);
			path = DYLivingUITests;
			sourceTree = "<group>";
		};
		D9FA7A9E1E827E5C003350EB /* Classes */ = {
			isa = PBXGroup;
			children = (
				D9FA7AA41E827E5C003350EB /* Tools */,
				D9FA7AA21E827E5C003350EB /* Main */,
				D9FA7AA01E827E5C003350EB /* Home */,
				D9FA7AA11E827E5C003350EB /* Live */,
				D9FA7A9F1E827E5C003350EB /* Follow */,
				D95069F11E837E5500EF98FA /* Find */,
				D9FA7AA31E827E5C003350EB /* Profile */,
			);
			path = Classes;
			sourceTree = "<group>";
		};
		D9FA7A9F1E827E5C003350EB /* Follow */ = {
			isa = PBXGroup;
			children = (
				D9506A1D1E838B4000EF98FA /* Follow.storyboard */,
				D9506A1E1E838B4000EF98FA /* Model */,
				D9506A1F1E838B4000EF98FA /* View */,
				D9506A1C1E838B4000EF98FA /* Controller */,
			);
			path = Follow;
			sourceTree = "<group>";
		};
		D9FA7AA01E827E5C003350EB /* Home */ = {
			isa = PBXGroup;
			children = (
				D9506A141E838A4900EF98FA /* Model */,
				D9506A151E838A4900EF98FA /* View */,
				D9506A121E838A4900EF98FA /* Controller */,
			);
			path = Home;
			sourceTree = "<group>";
		};
		D9FA7AA11E827E5C003350EB /* Live */ = {
			isa = PBXGroup;
			children = (
				D9506A181E838A7A00EF98FA /* Live.storyboard */,
				D9506A191E838A7A00EF98FA /* Model */,
				D9506A1A1E838A7A00EF98FA /* View */,
				D9506A171E838A7A00EF98FA /* Controller */,
			);
			path = Live;
			sourceTree = "<group>";
		};
		D9FA7AA21E827E5C003350EB /* Main */ = {
			isa = PBXGroup;
			children = (
				D9FA7A741E826B9E003350EB /* Main.storyboard */,
				D9506A081E8389C900EF98FA /* Model */,
				D9506A091E8389C900EF98FA /* View */,
				D9506A061E8389C900EF98FA /* Controller */,
			);
			path = Main;
			sourceTree = "<group>";
		};
		D9FA7AA31E827E5C003350EB /* Profile */ = {
			isa = PBXGroup;
			children = (
				D9506A231E838B6700EF98FA /* Profile.storyboard */,
				D9506A221E838B6700EF98FA /* Model */,
				D9506A241E838B6700EF98FA /* View */,
				D9506A211E838B6700EF98FA /* Controller */,
			);
			path = Profile;
			sourceTree = "<group>";
		};
		D9FA7AA41E827E5C003350EB /* Tools */ = {
			isa = PBXGroup;
			children = (
				D9506A281E83959B00EF98FA /* Extension */,
				D9506A311E83A9D700EF98FA /* Common.swift */,
			);
			path = Tools;
			sourceTree = "<group>";
		};
/* End PBXGroup section */

/* Begin PBXNativeTarget section */
		D9FA7A6C1E826B9E003350EB /* DYLiving */ = {
			isa = PBXNativeTarget;
			buildConfigurationList = D9FA7A951E826B9E003350EB /* Build configuration list for PBXNativeTarget "DYLiving" */;
			buildPhases = (
				D9FA7A691E826B9E003350EB /* Sources */,
				D9FA7A6A1E826B9E003350EB /* Frameworks */,
				D9FA7A6B1E826B9E003350EB /* Resources */,
			);
			buildRules = (
			);
			dependencies = (
			);
			name = DYLiving;
			productName = DYLiving;
			productReference = D9FA7A6D1E826B9E003350EB /* DYLiving.app */;
			productType = "com.apple.product-type.application";
		};
		D9FA7A801E826B9E003350EB /* DYLivingTests */ = {
			isa = PBXNativeTarget;
			buildConfigurationList = D9FA7A981E826B9E003350EB /* Build configuration list for PBXNativeTarget "DYLivingTests" */;
			buildPhases = (
				D9FA7A7D1E826B9E003350EB /* Sources */,
				D9FA7A7E1E826B9E003350EB /* Frameworks */,
				D9FA7A7F1E826B9E003350EB /* Resources */,
			);
			buildRules = (
			);
			dependencies = (
				D9FA7A831E826B9E003350EB /* PBXTargetDependency */,
			);
			name = DYLivingTests;
			productName = DYLivingTests;
			productReference = D9FA7A811E826B9E003350EB /* DYLivingTests.xctest */;
			productType = "com.apple.product-type.bundle.unit-test";
		};
		D9FA7A8B1E826B9E003350EB /* DYLivingUITests */ = {
			isa = PBXNativeTarget;
			buildConfigurationList = D9FA7A9B1E826B9E003350EB /* Build configuration list for PBXNativeTarget "DYLivingUITests" */;
			buildPhases = (
				D9FA7A881E826B9E003350EB /* Sources */,
				D9FA7A891E826B9E003350EB /* Frameworks */,
				D9FA7A8A1E826B9E003350EB /* Resources */,
			);
			buildRules = (
			);
			dependencies = (
				D9FA7A8E1E826B9E003350EB /* PBXTargetDependency */,
			);
			name = DYLivingUITests;
			productName = DYLivingUITests;
			productReference = D9FA7A8C1E826B9E003350EB /* DYLivingUITests.xctest */;
			productType = "com.apple.product-type.bundle.ui-testing";
		};
/* End PBXNativeTarget section */

/* Begin PBXProject section */
		D9FA7A651E826B9E003350EB /* Project object */ = {
			isa = PBXProject;
			attributes = {
				LastSwiftUpdateCheck = 0820;
				LastUpgradeCheck = 0820;
				ORGANIZATIONNAME = "黑色o.o表白";
				TargetAttributes = {
					D9FA7A6C1E826B9E003350EB = {
						CreatedOnToolsVersion = 8.2.1;
						DevelopmentTeam = 95VLMCLGVQ;
						ProvisioningStyle = Automatic;
					};
					D9FA7A801E826B9E003350EB = {
						CreatedOnToolsVersion = 8.2.1;
						ProvisioningStyle = Automatic;
						TestTargetID = D9FA7A6C1E826B9E003350EB;
					};
					D9FA7A8B1E826B9E003350EB = {
						CreatedOnToolsVersion = 8.2.1;
						ProvisioningStyle = Automatic;
						TestTargetID = D9FA7A6C1E826B9E003350EB;
					};
				};
			};
			buildConfigurationList = D9FA7A681E826B9E003350EB /* Build configuration list for PBXProject "DYLiving" */;
			compatibilityVersion = "Xcode 3.2";
			developmentRegion = English;
			hasScannedForEncodings = 0;
			knownRegions = (
				en,
				Base,
			);
			mainGroup = D9FA7A641E826B9E003350EB;
			productRefGroup = D9FA7A6E1E826B9E003350EB /* Products */;
			projectDirPath = "";
			projectRoot = "";
			targets = (
				D9FA7A6C1E826B9E003350EB /* DYLiving */,
				D9FA7A801E826B9E003350EB /* DYLivingTests */,
				D9FA7A8B1E826B9E003350EB /* DYLivingUITests */,
			);
		};
/* End PBXProject section */

/* Begin PBXResourcesBuildPhase section */
		D9FA7A6B1E826B9E003350EB /* Resources */ = {
			isa = PBXResourcesBuildPhase;
			buildActionMask = 2147483647;
			files = (
				D9FA7A7B1E826B9E003350EB /* LaunchScreen.storyboard in Resources */,
				D9FA7A781E826B9E003350EB /* Assets.xcassets in Resources */,
				D9506A251E838B6700EF98FA /* Profile.storyboard in Resources */,
				D9506A201E838B4000EF98FA /* Follow.storyboard in Resources */,
				D9FA7A761E826B9E003350EB /* Main.storyboard in Resources */,
				D9506A101E838A0500EF98FA /* Find.storyboard in Resources */,
				D9506A1B1E838A7A00EF98FA /* Live.storyboard in Resources */,
				D9506A161E838A4900EF98FA /* Home.storyboard in Resources */,
			);
			runOnlyForDeploymentPostprocessing = 0;
		};
		D9FA7A7F1E826B9E003350EB /* Resources */ = {
			isa = PBXResourcesBuildPhase;
			buildActionMask = 2147483647;
			files = (
			);
			runOnlyForDeploymentPostprocessing = 0;
		};
		D9FA7A8A1E826B9E003350EB /* Resources */ = {
			isa = PBXResourcesBuildPhase;
			buildActionMask = 2147483647;
			files = (
			);
			runOnlyForDeploymentPostprocessing = 0;
		};
/* End PBXResourcesBuildPhase section */

/* Begin PBXSourcesBuildPhase section */
		D9FA7A691E826B9E003350EB /* Sources */ = {
			isa = PBXSourcesBuildPhase;
			buildActionMask = 2147483647;
			files = (
				D9506A271E838C6600EF98FA /* HomeVC.swift in Sources */,
				D9506A361E83BA6A00EF98FA /* UIcolor-Extension.swift in Sources */,
				D9FA7A711E826B9E003350EB /* AppDelegate.swift in Sources */,
				D9506A2E1E83A56B00EF98FA /* PageTitleView.swift in Sources */,
				D9506A341E83B6DA00EF98FA /* PageContentView.swift in Sources */,
				D9506A2A1E8395C900EF98FA /* UIBarButtonItem-Extension.swift in Sources */,
				D9506A321E83A9D700EF98FA /* Common.swift in Sources */,
				D9506A0A1E8389C900EF98FA /* MainViewController.swift in Sources */,
			);
			runOnlyForDeploymentPostprocessing = 0;
		};
		D9FA7A7D1E826B9E003350EB /* Sources */ = {
			isa = PBXSourcesBuildPhase;
			buildActionMask = 2147483647;
			files = (
				D9FA7A861E826B9E003350EB /* DYLivingTests.swift in Sources */,
			);
			runOnlyForDeploymentPostprocessing = 0;
		};
		D9FA7A881E826B9E003350EB /* Sources */ = {
			isa = PBXSourcesBuildPhase;
			buildActionMask = 2147483647;
			files = (
				D9FA7A911E826B9E003350EB /* DYLivingUITests.swift in Sources */,
			);
			runOnlyForDeploymentPostprocessing = 0;
		};
/* End PBXSourcesBuildPhase section */

/* Begin PBXTargetDependency section */
		D9FA7A831E826B9E003350EB /* PBXTargetDependency */ = {
			isa = PBXTargetDependency;
			target = D9FA7A6C1E826B9E003350EB /* DYLiving */;
			targetProxy = D9FA7A821E826B9E003350EB /* PBXContainerItemProxy */;
		};
		D9FA7A8E1E826B9E003350EB /* PBXTargetDependency */ = {
			isa = PBXTargetDependency;
			target = D9FA7A6C1E826B9E003350EB /* DYLiving */;
			targetProxy = D9FA7A8D1E826B9E003350EB /* PBXContainerItemProxy */;
		};
/* End PBXTargetDependency section */

/* Begin PBXVariantGroup section */
		D9FA7A741E826B9E003350EB /* Main.storyboard */ = {
			isa = PBXVariantGroup;
			children = (
				D9FA7A751E826B9E003350EB /* Base */,
			);
			name = Main.storyboard;
			path = ../..;
			sourceTree = "<group>";
		};
		D9FA7A791E826B9E003350EB /* LaunchScreen.storyboard */ = {
			isa = PBXVariantGroup;
			children = (
				D9FA7A7A1E826B9E003350EB /* Base */,
			);
			name = LaunchScreen.storyboard;
			sourceTree = "<group>";
		};
/* End PBXVariantGroup section */

/* Begin XCBuildConfiguration section */
		D9FA7A931E826B9E003350EB /* Debug */ = {
			isa = XCBuildConfiguration;
			buildSettings = {
				ALWAYS_SEARCH_USER_PATHS = NO;
				CLANG_ANALYZER_NONNULL = YES;
				CLANG_CXX_LANGUAGE_STANDARD = "gnu++0x";
				CLANG_CXX_LIBRARY = "libc++";
				CLANG_ENABLE_MODULES = YES;
				CLANG_ENABLE_OBJC_ARC = YES;
				CLANG_WARN_BOOL_CONVERSION = YES;
				CLANG_WARN_CONSTANT_CONVERSION = YES;
				CLANG_WARN_DIRECT_OBJC_ISA_USAGE = YES_ERROR;
				CLANG_WARN_DOCUMENTATION_COMMENTS = YES;
				CLANG_WARN_EMPTY_BODY = YES;
				CLANG_WARN_ENUM_CONVERSION = YES;
				CLANG_WARN_INFINITE_RECURSION = YES;
				CLANG_WARN_INT_CONVERSION = YES;
				CLANG_WARN_OBJC_ROOT_CLASS = YES_ERROR;
				CLANG_WARN_SUSPICIOUS_MOVE = YES;
				CLANG_WARN_UNREACHABLE_CODE = YES;
				CLANG_WARN__DUPLICATE_METHOD_MATCH = YES;
				"CODE_SIGN_IDENTITY[sdk=iphoneos*]" = "iPhone Developer";
				COPY_PHASE_STRIP = NO;
				DEBUG_INFORMATION_FORMAT = dwarf;
				ENABLE_STRICT_OBJC_MSGSEND = YES;
				ENABLE_TESTABILITY = YES;
				GCC_C_LANGUAGE_STANDARD = gnu99;
				GCC_DYNAMIC_NO_PIC = NO;
				GCC_NO_COMMON_BLOCKS = YES;
				GCC_OPTIMIZATION_LEVEL = 0;
				GCC_PREPROCESSOR_DEFINITIONS = (
					"DEBUG=1",
					"$(inherited)",
				);
				GCC_WARN_64_TO_32_BIT_CONVERSION = YES;
				GCC_WARN_ABOUT_RETURN_TYPE = YES_ERROR;
				GCC_WARN_UNDECLARED_SELECTOR = YES;
				GCC_WARN_UNINITIALIZED_AUTOS = YES_AGGRESSIVE;
				GCC_WARN_UNUSED_FUNCTION = YES;
				GCC_WARN_UNUSED_VARIABLE = YES;
				IPHONEOS_DEPLOYMENT_TARGET = 10.2;
				MTL_ENABLE_DEBUG_INFO = YES;
				ONLY_ACTIVE_ARCH = YES;
				SDKROOT = iphoneos;
				SWIFT_ACTIVE_COMPILATION_CONDITIONS = DEBUG;
				SWIFT_OPTIMIZATION_LEVEL = "-Onone";
			};
			name = Debug;
		};
		D9FA7A941E826B9E003350EB /* Release */ = {
			isa = XCBuildConfiguration;
			buildSettings = {
				ALWAYS_SEARCH_USER_PATHS = NO;
				CLANG_ANALYZER_NONNULL = YES;
				CLANG_CXX_LANGUAGE_STANDARD = "gnu++0x";
				CLANG_CXX_LIBRARY = "libc++";
				CLANG_ENABLE_MODULES = YES;
				CLANG_ENABLE_OBJC_ARC = YES;
				CLANG_WARN_BOOL_CONVERSION = YES;
				CLANG_WARN_CONSTANT_CONVERSION = YES;
				CLANG_WARN_DIRECT_OBJC_ISA_USAGE = YES_ERROR;
				CLANG_WARN_DOCUMENTATION_COMMENTS = YES;
				CLANG_WARN_EMPTY_BODY = YES;
				CLANG_WARN_ENUM_CONVERSION = YES;
				CLANG_WARN_INFINITE_RECURSION = YES;
				CLANG_WARN_INT_CONVERSION = YES;
				CLANG_WARN_OBJC_ROOT_CLASS = YES_ERROR;
				CLANG_WARN_SUSPICIOUS_MOVE = YES;
				CLANG_WARN_UNREACHABLE_CODE = YES;
				CLANG_WARN__DUPLICATE_METHOD_MATCH = YES;
				"CODE_SIGN_IDENTITY[sdk=iphoneos*]" = "iPhone Developer";
				COPY_PHASE_STRIP = NO;
				DEBUG_INFORMATION_FORMAT = "dwarf-with-dsym";
				ENABLE_NS_ASSERTIONS = NO;
				ENABLE_STRICT_OBJC_MSGSEND = YES;
				GCC_C_LANGUAGE_STANDARD = gnu99;
				GCC_NO_COMMON_BLOCKS = YES;
				GCC_WARN_64_TO_32_BIT_CONVERSION = YES;
				GCC_WARN_ABOUT_RETURN_TYPE = YES_ERROR;
				GCC_WARN_UNDECLARED_SELECTOR = YES;
				GCC_WARN_UNINITIALIZED_AUTOS = YES_AGGRESSIVE;
				GCC_WARN_UNUSED_FUNCTION = YES;
				GCC_WARN_UNUSED_VARIABLE = YES;
				IPHONEOS_DEPLOYMENT_TARGET = 10.2;
				MTL_ENABLE_DEBUG_INFO = NO;
				SDKROOT = iphoneos;
				SWIFT_OPTIMIZATION_LEVEL = "-Owholemodule";
				VALIDATE_PRODUCT = YES;
			};
			name = Release;
		};
		D9FA7A961E826B9E003350EB /* Debug */ = {
			isa = XCBuildConfiguration;
			buildSettings = {
				ASSETCATALOG_COMPILER_APPICON_NAME = AppIcon;
				ASSETCATALOG_COMPILER_LAUNCHIMAGE_NAME = LaunchImage;
				DEVELOPMENT_TEAM = 95VLMCLGVQ;
				INFOPLIST_FILE = DYLiving/Info.plist;
				IPHONEOS_DEPLOYMENT_TARGET = 8.0;
				LD_RUNPATH_SEARCH_PATHS = "$(inherited) @executable_path/Frameworks";
				PRODUCT_BUNDLE_IDENTIFIER = com.Syx.DYLiving;
				PRODUCT_NAME = "$(TARGET_NAME)";
				SWIFT_VERSION = 3.0;
			};
			name = Debug;
		};
		D9FA7A971E826B9E003350EB /* Release */ = {
			isa = XCBuildConfiguration;
			buildSettings = {
				ASSETCATALOG_COMPILER_APPICON_NAME = AppIcon;
				ASSETCATALOG_COMPILER_LAUNCHIMAGE_NAME = LaunchImage;
				DEVELOPMENT_TEAM = 95VLMCLGVQ;
				INFOPLIST_FILE = DYLiving/Info.plist;
				IPHONEOS_DEPLOYMENT_TARGET = 8.0;
				LD_RUNPATH_SEARCH_PATHS = "$(inherited) @executable_path/Frameworks";
				PRODUCT_BUNDLE_IDENTIFIER = com.Syx.DYLiving;
				PRODUCT_NAME = "$(TARGET_NAME)";
				SWIFT_VERSION = 3.0;
			};
			name = Release;
		};
		D9FA7A991E826B9E003350EB /* Debug */ = {
			isa = XCBuildConfiguration;
			buildSettings = {
				ALWAYS_EMBED_SWIFT_STANDARD_LIBRARIES = YES;
				BUNDLE_LOADER = "$(TEST_HOST)";
				INFOPLIST_FILE = DYLivingTests/Info.plist;
				LD_RUNPATH_SEARCH_PATHS = "$(inherited) @executable_path/Frameworks @loader_path/Frameworks";
				PRODUCT_BUNDLE_IDENTIFIER = com.Syx.DYLivingTests;
				PRODUCT_NAME = "$(TARGET_NAME)";
				SWIFT_VERSION = 3.0;
				TEST_HOST = "$(BUILT_PRODUCTS_DIR)/DYLiving.app/DYLiving";
			};
			name = Debug;
		};
		D9FA7A9A1E826B9E003350EB /* Release */ = {
			isa = XCBuildConfiguration;
			buildSettings = {
				ALWAYS_EMBED_SWIFT_STANDARD_LIBRARIES = YES;
				BUNDLE_LOADER = "$(TEST_HOST)";
				INFOPLIST_FILE = DYLivingTests/Info.plist;
				LD_RUNPATH_SEARCH_PATHS = "$(inherited) @executable_path/Frameworks @loader_path/Frameworks";
				PRODUCT_BUNDLE_IDENTIFIER = com.Syx.DYLivingTests;
				PRODUCT_NAME = "$(TARGET_NAME)";
				SWIFT_VERSION = 3.0;
				TEST_HOST = "$(BUILT_PRODUCTS_DIR)/DYLiving.app/DYLiving";
			};
			name = Release;
		};
		D9FA7A9C1E826B9E003350EB /* Debug */ = {
			isa = XCBuildConfiguration;
			buildSettings = {
				ALWAYS_EMBED_SWIFT_STANDARD_LIBRARIES = YES;
				INFOPLIST_FILE = DYLivingUITests/Info.plist;
				LD_RUNPATH_SEARCH_PATHS = "$(inherited) @executable_path/Frameworks @loader_path/Frameworks";
				PRODUCT_BUNDLE_IDENTIFIER = com.Syx.DYLivingUITests;
				PRODUCT_NAME = "$(TARGET_NAME)";
				SWIFT_VERSION = 3.0;
				TEST_TARGET_NAME = DYLiving;
			};
			name = Debug;
		};
		D9FA7A9D1E826B9E003350EB /* Release */ = {
			isa = XCBuildConfiguration;
			buildSettings = {
				ALWAYS_EMBED_SWIFT_STANDARD_LIBRARIES = YES;
				INFOPLIST_FILE = DYLivingUITests/Info.plist;
				LD_RUNPATH_SEARCH_PATHS = "$(inherited) @executable_path/Frameworks @loader_path/Frameworks";
				PRODUCT_BUNDLE_IDENTIFIER = com.Syx.DYLivingUITests;
				PRODUCT_NAME = "$(TARGET_NAME)";
				SWIFT_VERSION = 3.0;
				TEST_TARGET_NAME = DYLiving;
			};
			name = Release;
		};
/* End XCBuildConfiguration section */

/* Begin XCConfigurationList section */
		D9FA7A681E826B9E003350EB /* Build configuration list for PBXProject "DYLiving" */ = {
			isa = XCConfigurationList;
			buildConfigurations = (
				D9FA7A931E826B9E003350EB /* Debug */,
				D9FA7A941E826B9E003350EB /* Release */,
			);
			defaultConfigurationIsVisible = 0;
			defaultConfigurationName = Release;
		};
		D9FA7A951E826B9E003350EB /* Build configuration list for PBXNativeTarget "DYLiving" */ = {
			isa = XCConfigurationList;
			buildConfigurations = (
				D9FA7A961E826B9E003350EB /* Debug */,
				D9FA7A971E826B9E003350EB /* Release */,
			);
			defaultConfigurationIsVisible = 0;
			defaultConfigurationName = Release;
		};
		D9FA7A981E826B9E003350EB /* Build configuration list for PBXNativeTarget "DYLivingTests" */ = {
			isa = XCConfigurationList;
			buildConfigurations = (
				D9FA7A991E826B9E003350EB /* Debug */,
				D9FA7A9A1E826B9E003350EB /* Release */,
			);
			defaultConfigurationIsVisible = 0;
			defaultConfigurationName = Release;
		};
		D9FA7A9B1E826B9E003350EB /* Build configuration list for PBXNativeTarget "DYLivingUITests" */ = {
			isa = XCConfigurationList;
			buildConfigurations = (
				D9FA7A9C1E826B9E003350EB /* Debug */,
				D9FA7A9D1E826B9E003350EB /* Release */,
			);
			defaultConfigurationIsVisible = 0;
			defaultConfigurationName = Release;
		};
/* End XCConfigurationList section */
	};
	rootObject = D9FA7A651E826B9E003350EB /* Project object */;
}
